
Microsoft Visual Studio Solution File, Format Version 12.00
# Visual Studio Version 17
VisualStudioVersion = 17.1.32328.378
MinimumVisualStudioVersion = 10.0.40219.1
Project("{9A19103F-16F7-4668-BE54-9A1E7A4F7556}") = "Scrum", "Scrum\Scrum.csproj", "{C4381841-2302-4C84-AF98-0F282557B3F5}"
EndProject
Project("{9A19103F-16F7-4668-BE54-9A1E7A4F7556}") = "BlazorApp.Scrum", "BlazorApp.Scrum\BlazorApp.Scrum.csproj", "{D9EC9CFF-725B-463D-8703-6EE8191D025F}"
EndProject
Project("{E53339B2-1760-4266-BCC7-CA923CBCF16C}") = "docker-compose-arm", "docker-compose-arm.dcproj", "{BC3DB3BC-2F54-45FD-BD62-237003E6BBC8}"
EndProject
Global
	GlobalSection(SolutionConfigurationPlatforms) = preSolution
		Debug|Any CPU = Debug|Any CPU
		Release|Any CPU = Release|Any CPU
	EndGlobalSection
	GlobalSection(ProjectConfigurationPlatforms) = postSolution
		{C4381841-2302-4C84-AF98-0F282557B3F5}.Debug|Any CPU.ActiveCfg = Debug|Any CPU
		{C4381841-2302-4C84-AF98-0F282557B3F5}.Debug|Any CPU.Build.0 = Debug|Any CPU
		{C4381841-2302-4C84-AF98-0F282557B3F5}.Release|Any CPU.ActiveCfg = Release|Any CPU
		{C4381841-2302-4C84-AF98-0F282557B3F5}.Release|Any CPU.Build.0 = Release|Any CPU
		{D9EC9CFF-725B-463D-8703-6EE8191D025F}.Debug|Any CPU.ActiveCfg = Debug|Any CPU
		{D9EC9CFF-725B-463D-8703-6EE8191D025F}.Debug|Any CPU.Build.0 = Debug|Any CPU
		{D9EC9CFF-725B-463D-8703-6EE8191D025F}.Release|Any CPU.ActiveCfg = Release|Any CPU
		{D9EC9CFF-725B-463D-8703-6EE8191D025F}.Release|Any CPU.Build.0 = Release|Any CPU
		{BC3DB3BC-2F54-45FD-BD62-237003E6BBC8}.Debug|Any CPU.ActiveCfg = Debug|Any CPU
		{BC3DB3BC-2F54-45FD-BD62-237003E6BBC8}.Debug|Any CPU.Build.0 = Debug|Any CPU
		{BC3DB3BC-2F54-45FD-BD62-237003E6BBC8}.Release|Any CPU.ActiveCfg = Release|Any CPU
		{BC3DB3BC-2F54-45FD-BD62-237003E6BBC8}.Release|Any CPU.Build.0 = Release|Any CPU
	EndGlobalSection
	GlobalSection(SolutionProperties) = preSolution
		HideSolutionNode = FALSE
	EndGlobalSection
	GlobalSection(ExtensibilityGlobals) = postSolution
		SolutionGuid = {E3F51921-EC85-4F79-BF76-738B41EBE2FA}
	EndGlobalSection
EndGlobal
